// !$*UTF8*$!
{
	archiveVersion = 1;
	classes = {
	};
	objectVersion = 46;
	objects = {

/* Begin PBXBuildFile section */
		B303657D1A002A220006AE55 /* Foundation.framework in Frameworks */ = {isa = PBXBuildFile; fileRef = B303657C1A002A220006AE55 /* Foundation.framework */; };
		B303657F1A002A220006AE55 /* CoreGraphics.framework in Frameworks */ = {isa = PBXBuildFile; fileRef = B303657E1A002A220006AE55 /* CoreGraphics.framework */; };
		B30365811A002A220006AE55 /* UIKit.framework in Frameworks */ = {isa = PBXBuildFile; fileRef = B30365801A002A220006AE55 /* UIKit.framework */; };
		B30365871A002A220006AE55 /* InfoPlist.strings in Resources */ = {isa = PBXBuildFile; fileRef = B30365851A002A220006AE55 /* InfoPlist.strings */; };
		B30365891A002A220006AE55 /* main.m in Sources */ = {isa = PBXBuildFile; fileRef = B30365881A002A220006AE55 /* main.m */; };
		B303658D1A002A220006AE55 /* AppDelegate.m in Sources */ = {isa = PBXBuildFile; fileRef = B303658C1A002A220006AE55 /* AppDelegate.m */; };
		B30365901A002A220006AE55 /* Main.storyboard in Resources */ = {isa = PBXBuildFile; fileRef = B303658E1A002A220006AE55 /* Main.storyboard */; };
		B30365931A002A220006AE55 /* ViewController.m in Sources */ = {isa = PBXBuildFile; fileRef = B30365921A002A220006AE55 /* ViewController.m */; };
		B30365951A002A220006AE55 /* Images.xcassets in Resources */ = {isa = PBXBuildFile; fileRef = B30365941A002A220006AE55 /* Images.xcassets */; };
		B303659C1A002A230006AE55 /* XCTest.framework in Frameworks */ = {isa = PBXBuildFile; fileRef = B303659B1A002A230006AE55 /* XCTest.framework */; };
		B303659D1A002A230006AE55 /* Foundation.framework in Frameworks */ = {isa = PBXBuildFile; fileRef = B303657C1A002A220006AE55 /* Foundation.framework */; };
		B303659E1A002A230006AE55 /* UIKit.framework in Frameworks */ = {isa = PBXBuildFile; fileRef = B30365801A002A220006AE55 /* UIKit.framework */; };
		B30365A61A002A230006AE55 /* InfoPlist.strings in Resources */ = {isa = PBXBuildFile; fileRef = B30365A41A002A230006AE55 /* InfoPlist.strings */; };
		B30365A81A002A230006AE55 /* SDScrabbleTests.m in Sources */ = {isa = PBXBuildFile; fileRef = B30365A71A002A230006AE55 /* SDScrabbleTests.m */; };
/* End PBXBuildFile section */

/* Begin PBXContainerItemProxy section */
		B303659F1A002A230006AE55 /* PBXContainerItemProxy */ = {
			isa = PBXContainerItemProxy;
			containerPortal = B30365711A002A220006AE55 /* Project object */;
			proxyType = 1;
			remoteGlobalIDString = B30365781A002A220006AE55;
			remoteInfo = SDScrabble;
		};
/* End PBXContainerItemProxy section */

/* Begin PBXFileReference section */
		B30365791A002A220006AE55 /* SDScrabble.app */ = {isa = PBXFileReference; explicitFileType = wrapper.application; includeInIndex = 0; path = SDScrabble.app; sourceTree = BUILT_PRODUCTS_DIR; };
		B303657C1A002A220006AE55 /* Foundation.framework */ = {isa = PBXFileReference; lastKnownFileType = wrapper.framework; name = Foundation.framework; path = System/Library/Frameworks/Foundation.framework; sourceTree = SDKROOT; };
		B303657E1A002A220006AE55 /* CoreGraphics.framework */ = {isa = PBXFileReference; lastKnownFileType = wrapper.framework; name = CoreGraphics.framework; path = System/Library/Frameworks/CoreGraphics.framework; sourceTree = SDKROOT; };
		B30365801A002A220006AE55 /* UIKit.framework */ = {isa = PBXFileReference; lastKnownFileType = wrapper.framework; name = UIKit.framework; path = System/Library/Frameworks/UIKit.framework; sourceTree = SDKROOT; };
		B30365841A002A220006AE55 /* SDScrabble-Info.plist */ = {isa = PBXFileReference; lastKnownFileType = text.plist.xml; path = "SDScrabble-Info.plist"; sourceTree = "<group>"; };
		B30365861A002A220006AE55 /* en */ = {isa = PBXFileReference; lastKnownFileType = text.plist.strings; name = en; path = en.lproj/InfoPlist.strings; sourceTree = "<group>"; };
		B30365881A002A220006AE55 /* main.m */ = {isa = PBXFileReference; lastKnownFileType = sourcecode.c.objc; path = main.m; sourceTree = "<group>"; };
		B303658A1A002A220006AE55 /* SDScrabble-Prefix.pch */ = {isa = PBXFileReference; lastKnownFileType = sourcecode.c.h; path = "SDScrabble-Prefix.pch"; sourceTree = "<group>"; };
		B303658B1A002A220006AE55 /* AppDelegate.h */ = {isa = PBXFileReference; lastKnownFileType = sourcecode.c.h; path = AppDelegate.h; sourceTree = "<group>"; };
		B303658C1A002A220006AE55 /* AppDelegate.m */ = {isa = PBXFileReference; lastKnownFileType = sourcecode.c.objc; path = AppDelegate.m; sourceTree = "<group>"; };
		B303658F1A002A220006AE55 /* Base */ = {isa = PBXFileReference; lastKnownFileType = file.storyboard; name = Base; path = Base.lproj/Main.storyboard; sourceTree = "<group>"; };
		B30365911A002A220006AE55 /* ViewController.h */ = {isa = PBXFileReference; lastKnownFileType = sourcecode.c.h; path = ViewController.h; sourceTree = "<group>"; };
		B30365921A002A220006AE55 /* ViewController.m */ = {isa = PBXFileReference; lastKnownFileType = sourcecode.c.objc; path = ViewController.m; sourceTree = "<group>"; };
		B30365941A002A220006AE55 /* Images.xcassets */ = {isa = PBXFileReference; lastKnownFileType = folder.assetcatalog; path = Images.xcassets; sourceTree = "<group>"; };
		B303659A1A002A230006AE55 /* SDScrabbleTests.xctest */ = {isa = PBXFileReference; explicitFileType = wrapper.cfbundle; includeInIndex = 0; path = SDScrabbleTests.xctest; sourceTree = BUILT_PRODUCTS_DIR; };
		B303659B1A002A230006AE55 /* XCTest.framework */ = {isa = PBXFileReference; lastKnownFileType = wrapper.framework; name = XCTest.framework; path = Library/Frameworks/XCTest.framework; sourceTree = DEVELOPER_DIR; };
		B30365A31A002A230006AE55 /* SDScrabbleTests-Info.plist */ = {isa = PBXFileReference; lastKnownFileType = text.plist.xml; path = "SDScrabbleTests-Info.plist"; sourceTree = "<group>"; };
		B30365A51A002A230006AE55 /* en */ = {isa = PBXFileReference; lastKnownFileType = text.plist.strings; name = en; path = en.lproj/InfoPlist.strings; sourceTree = "<group>"; };
		B30365A71A002A230006AE55 /* SDScrabbleTests.m */ = {isa = PBXFileReference; lastKnownFileType = sourcecode.c.objc; path = SDScrabbleTests.m; sourceTree = "<group>"; };
/* End PBXFileReference section */

/* Begin PBXFrameworksBuildPhase section */
		B30365761A002A220006AE55 /* Frameworks */ = {
			isa = PBXFrameworksBuildPhase;
			buildActionMask = 2147483647;
			files = (
				B303657F1A002A220006AE55 /* CoreGraphics.framework in Frameworks */,
				B30365811A002A220006AE55 /* UIKit.framework in Frameworks */,
				B303657D1A002A220006AE55 /* Foundation.framework in Frameworks */,
			);
			runOnlyForDeploymentPostprocessing = 0;
		};
		B30365971A002A230006AE55 /* Frameworks */ = {
			isa = PBXFrameworksBuildPhase;
			buildActionMask = 2147483647;
			files = (
				B303659C1A002A230006AE55 /* XCTest.framework in Frameworks */,
				B303659E1A002A230006AE55 /* UIKit.framework in Frameworks */,
				B303659D1A002A230006AE55 /* Foundation.framework in Frameworks */,
			);
			runOnlyForDeploymentPostprocessing = 0;
		};
/* End PBXFrameworksBuildPhase section */

/* Begin PBXGroup section */
		B30365701A002A220006AE55 = {
			isa = PBXGroup;
			children = (
				B30365821A002A220006AE55 /* SDScrabble */,
				B30365A11A002A230006AE55 /* SDScrabbleTests */,
				B303657B1A002A220006AE55 /* Frameworks */,
				B303657A1A002A220006AE55 /* Products */,
			);
			sourceTree = "<group>";
		};
		B303657A1A002A220006AE55 /* Products */ = {
			isa = PBXGroup;
			children = (
				B30365791A002A220006AE55 /* SDScrabble.app */,
				B303659A1A002A230006AE55 /* SDScrabbleTests.xctest */,
			);
			name = Products;
			sourceTree = "<group>";
		};
		B303657B1A002A220006AE55 /* Frameworks */ = {
			isa = PBXGroup;
			children = (
				B303657C1A002A220006AE55 /* Foundation.framework */,
				B303657E1A002A220006AE55 /* CoreGraphics.framework */,
				B30365801A002A220006AE55 /* UIKit.framework */,
				B303659B1A002A230006AE55 /* XCTest.framework */,
			);
			name = Frameworks;
			sourceTree = "<group>";
		};
		B30365821A002A220006AE55 /* SDScrabble */ = {
			isa = PBXGroup;
			children = (
				B303658B1A002A220006AE55 /* AppDelegate.h */,
				B303658C1A002A220006AE55 /* AppDelegate.m */,
				B303658E1A002A220006AE55 /* Main.storyboard */,
				B30365911A002A220006AE55 /* ViewController.h */,
				B30365921A002A220006AE55 /* ViewController.m */,
				B30365941A002A220006AE55 /* Images.xcassets */,
				B30365831A002A220006AE55 /* Supporting Files */,
			);
			path = SDScrabble;
			sourceTree = "<group>";
		};
		B30365831A002A220006AE55 /* Supporting Files */ = {
			isa = PBXGroup;
			children = (
				B30365841A002A220006AE55 /* SDScrabble-Info.plist */,
				B30365851A002A220006AE55 /* InfoPlist.strings */,
				B30365881A002A220006AE55 /* main.m */,
				B303658A1A002A220006AE55 /* SDScrabble-Prefix.pch */,
			);
			name = "Supporting Files";
			sourceTree = "<group>";
		};
		B30365A11A002A230006AE55 /* SDScrabbleTests */ = {
			isa = PBXGroup;
			children = (
				B30365A71A002A230006AE55 /* SDScrabbleTests.m */,
				B30365A21A002A230006AE55 /* Supporting Files */,
			);
			path = SDScrabbleTests;
			sourceTree = "<group>";
		};
		B30365A21A002A230006AE55 /* Supporting Files */ = {
			isa = PBXGroup;
			children = (
				B30365A31A002A230006AE55 /* SDScrabbleTests-Info.plist */,
				B30365A41A002A230006AE55 /* InfoPlist.strings */,
			);
			name = "Supporting Files";
			sourceTree = "<group>";
		};
/* End PBXGroup section */

/* Begin PBXNativeTarget section */
		B30365781A002A220006AE55 /* SDScrabble */ = {
			isa = PBXNativeTarget;
			buildConfigurationList = B30365AB1A002A230006AE55 /* Build configuration list for PBXNativeTarget "SDScrabble" */;
			buildPhases = (
				B30365751A002A220006AE55 /* Sources */,
				B30365761A002A220006AE55 /* Frameworks */,
				B30365771A002A220006AE55 /* Resources */,
			);
			buildRules = (
			);
			dependencies = (
			);
			name = SDScrabble;
			productName = SDScrabble;
			productReference = B30365791A002A220006AE55 /* SDScrabble.app */;
			productType = "com.apple.product-type.application";
		};
		B30365991A002A230006AE55 /* SDScrabbleTests */ = {
			isa = PBXNativeTarget;
			buildConfigurationList = B30365AE1A002A230006AE55 /* Build configuration list for PBXNativeTarget "SDScrabbleTests" */;
			buildPhases = (
				B30365961A002A230006AE55 /* Sources */,
				B30365971A002A230006AE55 /* Frameworks */,
				B30365981A002A230006AE55 /* Resources */,
			);
			buildRules = (
			);
			dependencies = (
				B30365A01A002A230006AE55 /* PBXTargetDependency */,
			);
			name = SDScrabbleTests;
			productName = SDScrabbleTests;
			productReference = B303659A1A002A230006AE55 /* SDScrabbleTests.xctest */;
			productType = "com.apple.product-type.bundle.unit-test";
		};
/* End PBXNativeTarget section */

/* Begin PBXProject section */
		B30365711A002A220006AE55 /* Project object */ = {
			isa = PBXProject;
			attributes = {
				LastUpgradeCheck = 0510;
				ORGANIZATIONNAME = SD;
				TargetAttributes = {
					B30365991A002A230006AE55 = {
						TestTargetID = B30365781A002A220006AE55;
					};
				};
			};
			buildConfigurationList = B30365741A002A220006AE55 /* Build configuration list for PBXProject "SDScrabble" */;
			compatibilityVersion = "Xcode 3.2";
			developmentRegion = English;
			hasScannedForEncodings = 0;
			knownRegions = (
				en,
				Base,
			);
			mainGroup = B30365701A002A220006AE55;
			productRefGroup = B303657A1A002A220006AE55 /* Products */;
			projectDirPath = "";
			projectRoot = "";
			targets = (
				B30365781A002A220006AE55 /* SDScrabble */,
				B30365991A002A230006AE55 /* SDScrabbleTests */,
			);
		};
/* End PBXProject section */

/* Begin PBXResourcesBuildPhase section */
		B30365771A002A220006AE55 /* Resources */ = {
			isa = PBXResourcesBuildPhase;
			buildActionMask = 2147483647;
			files = (
				B30365951A002A220006AE55 /* Images.xcassets in Resources */,
				B30365871A002A220006AE55 /* InfoPlist.strings in Resources */,
				B30365901A002A220006AE55 /* Main.storyboard in Resources */,
			);
			runOnlyForDeploymentPostprocessing = 0;
		};
		B30365981A002A230006AE55 /* Resources */ = {
			isa = PBXResourcesBuildPhase;
			buildActionMask = 2147483647;
			files = (
				B30365A61A002A230006AE55 /* InfoPlist.strings in Resources */,
			);
			runOnlyForDeploymentPostprocessing = 0;
		};
/* End PBXResourcesBuildPhase section */

/* Begin PBXSourcesBuildPhase section */
		B30365751A002A220006AE55 /* Sources */ = {
			isa = PBXSourcesBuildPhase;
			buildActionMask = 2147483647;
			files = (
				B30365931A002A220006AE55 /* ViewController.m in Sources */,
				B303658D1A002A220006AE55 /* AppDelegate.m in Sources */,
				B30365891A002A220006AE55 /* main.m in Sources */,
			);
			runOnlyForDeploymentPostprocessing = 0;
		};
		B30365961A002A230006AE55 /* Sources */ = {
			isa = PBXSourcesBuildPhase;
			buildActionMask = 2147483647;
			files = (
				B30365A81A002A230006AE55 /* SDScrabbleTests.m in Sources */,
			);
			runOnlyForDeploymentPostprocessing = 0;
		};
/* End PBXSourcesBuildPhase section */

/* Begin PBXTargetDependency section */
		B30365A01A002A230006AE55 /* PBXTargetDependency */ = {
			isa = PBXTargetDependency;
			target = B30365781A002A220006AE55 /* SDScrabble */;
			targetProxy = B303659F1A002A230006AE55 /* PBXContainerItemProxy */;
		};
/* End PBXTargetDependency section */

/* Begin PBXVariantGroup section */
		B30365851A002A220006AE55 /* InfoPlist.strings */ = {
			isa = PBXVariantGroup;
			children = (
				B30365861A002A220006AE55 /* en */,
			);
			name = InfoPlist.strings;
			sourceTree = "<group>";
		};
		B303658E1A002A220006AE55 /* Main.storyboard */ = {
			isa = PBXVariantGroup;
			children = (
				B303658F1A002A220006AE55 /* Base */,
			);
			name = Main.storyboard;
			sourceTree = "<group>";
		};
		B30365A41A002A230006AE55 /* InfoPlist.strings */ = {
			isa = PBXVariantGroup;
			children = (
				B30365A51A002A230006AE55 /* en */,
			);
			name = InfoPlist.strings;
			sourceTree = "<group>";
		};
/* End PBXVariantGroup section */

/* Begin XCBuildConfiguration section */
		B30365A91A002A230006AE55 /* Debug */ = {
			isa = XCBuildConfiguration;
			buildSettings = {
				ALWAYS_SEARCH_USER_PATHS = NO;
				CLANG_CXX_LANGUAGE_STANDARD = "gnu++0x";
				CLANG_CXX_LIBRARY = "libc++";
				CLANG_ENABLE_MODULES = YES;
				CLANG_ENABLE_OBJC_ARC = YES;
				CLANG_WARN_BOOL_CONVERSION = YES;
				CLANG_WARN_CONSTANT_CONVERSION = YES;
				CLANG_WARN_DIRECT_OBJC_ISA_USAGE = YES_ERROR;
				CLANG_WARN_EMPTY_BODY = YES;
				CLANG_WARN_ENUM_CONVERSION = YES;
				CLANG_WARN_INT_CONVERSION = YES;
				CLANG_WARN_OBJC_ROOT_CLASS = YES_ERROR;
				CLANG_WARN__DUPLICATE_METHOD_MATCH = YES;
				"CODE_SIGN_IDENTITY[sdk=iphoneos*]" = "iPhone Developer";
				COPY_PHASE_STRIP = NO;
				GCC_C_LANGUAGE_STANDARD = gnu99;
				GCC_DYNAMIC_NO_PIC = NO;
				GCC_OPTIMIZATION_LEVEL = 0;
				GCC_PREPROCESSOR_DEFINITIONS = (
					"DEBUG=1",
					"$(inherited)",
				);
				GCC_SYMBOLS_PRIVATE_EXTERN = NO;
				GCC_WARN_64_TO_32_BIT_CONVERSION = YES;
				GCC_WARN_ABOUT_RETURN_TYPE = YES_ERROR;
				GCC_WARN_UNDECLARED_SELECTOR = YES;
				GCC_WARN_UNINITIALIZED_AUTOS = YES_AGGRESSIVE;
				GCC_WARN_UNUSED_FUNCTION = YES;
				GCC_WARN_UNUSED_VARIABLE = YES;
				IPHONEOS_DEPLOYMENT_TARGET = 7.1;
				ONLY_ACTIVE_ARCH = YES;
				SDKROOT = iphoneos;
			};
			name = Debug;
		};
		B30365AA1A002A230006AE55 /* Release */ = {
			isa = XCBuildConfiguration;
			buildSettings = {
				ALWAYS_SEARCH_USER_PATHS = NO;
				CLANG_CXX_LANGUAGE_STANDARD = "gnu++0x";
				CLANG_CXX_LIBRARY = "libc++";
				CLANG_ENABLE_MODULES = YES;
				CLANG_ENABLE_OBJC_ARC = YES;
				CLANG_WARN_BOOL_CONVERSION = YES;
				CLANG_WARN_CONSTANT_CONVERSION = YES;
				CLANG_WARN_DIRECT_OBJC_ISA_USAGE = YES_ERROR;
				CLANG_WARN_EMPTY_BODY = YES;
				CLANG_WARN_ENUM_CONVERSION = YES;
				CLANG_WARN_INT_CONVERSION = YES;
				CLANG_WARN_OBJC_ROOT_CLASS = YES_ERROR;
				CLANG_WARN__DUPLICATE_METHOD_MATCH = YES;
				"CODE_SIGN_IDENTITY[sdk=iphoneos*]" = "iPhone Developer";
				COPY_PHASE_STRIP = YES;
				ENABLE_NS_ASSERTIONS = NO;
				GCC_C_LANGUAGE_STANDARD = gnu99;
				GCC_WARN_64_TO_32_BIT_CONVERSION = YES;
				GCC_WARN_ABOUT_RETURN_TYPE = YES_ERROR;
				GCC_WARN_UNDECLARED_SELECTOR = YES;
				GCC_WARN_UNINITIALIZED_AUTOS = YES_AGGRESSIVE;
				GCC_WARN_UNUSED_FUNCTION = YES;
				GCC_WARN_UNUSED_VARIABLE = YES;
				IPHONEOS_DEPLOYMENT_TARGET = 7.1;
				SDKROOT = iphoneos;
				VALIDATE_PRODUCT = YES;
			};
			name = Release;
		};
		B30365AC1A002A230006AE55 /* Debug */ = {
			isa = XCBuildConfiguration;
			buildSettings = {
				ASSETCATALOG_COMPILER_APPICON_NAME = AppIcon;
				ASSETCATALOG_COMPILER_LAUNCHIMAGE_NAME = LaunchImage;
				GCC_PRECOMPILE_PREFIX_HEADER = YES;
				GCC_PREFIX_HEADER = "SDScrabble/SDScrabble-Prefix.pch";
				INFOPLIST_FILE = "SDScrabble/SDScrabble-Info.plist";
				PRODUCT_NAME = "$(TARGET_NAME)";
				WRAPPER_EXTENSION = app;
			};
			name = Debug;
		};
		B30365AD1A002A230006AE55 /* Release */ = {
			isa = XCBuildConfiguration;
			buildSettings = {
				ASSETCATALOG_COMPILER_APPICON_NAME = AppIcon;
				ASSETCATALOG_COMPILER_LAUNCHIMAGE_NAME = LaunchImage;
				GCC_PRECOMPILE_PREFIX_HEADER = YES;
				GCC_PREFIX_HEADER = "SDScrabble/SDScrabble-Prefix.pch";
				INFOPLIST_FILE = "SDScrabble/SDScrabble-Info.plist";
				PRODUCT_NAME = "$(TARGET_NAME)";
				WRAPPER_EXTENSION = app;
			};
			name = Release;
		};
		B30365AF1A002A230006AE55 /* Debug */ = {
			isa = XCBuildConfiguration;
			buildSettings = {
				BUNDLE_LOADER = "$(BUILT_PRODUCTS_DIR)/SDScrabble.app/SDScrabble";
				FRAMEWORK_SEARCH_PATHS = (
					"$(SDKROOT)/Developer/Library/Frameworks",
					"$(inherited)",
					"$(DEVELOPER_FRAMEWORKS_DIR)",
				);
				GCC_PRECOMPILE_PREFIX_HEADER = YES;
				GCC_PREFIX_HEADER = "SDScrabble/SDScrabble-Prefix.pch";
				GCC_PREPROCESSOR_DEFINITIONS = (
					"DEBUG=1",
					"$(inherited)",
				);
				INFOPLIST_FILE = "SDScrabbleTests/SDScrabbleTests-Info.plist";
				PRODUCT_NAME = "$(TARGET_NAME)";
				TEST_HOST = "$(BUNDLE_LOADER)";
				WRAPPER_EXTENSION = xctest;
			};
			name = Debug;
		};
		B30365B01A002A230006AE55 /* Release */ = {
			isa = XCBuildConfiguration;
			buildSettings = {
				BUNDLE_LOADER = "$(BUILT_PRODUCTS_DIR)/SDScrabble.app/SDScrabble";
				FRAMEWORK_SEARCH_PATHS = (
					"$(SDKROOT)/Developer/Library/Frameworks",
					"$(inherited)",
					"$(DEVELOPER_FRAMEWORKS_DIR)",
				);
				GCC_PRECOMPILE_PREFIX_HEADER = YES;
				GCC_PREFIX_HEADER = "SDScrabble/SDScrabble-Prefix.pch";
				INFOPLIST_FILE = "SDScrabbleTests/SDScrabbleTests-Info.plist";
				PRODUCT_NAME = "$(TARGET_NAME)";
				TEST_HOST = "$(BUNDLE_LOADER)";
				WRAPPER_EXTENSION = xctest;
			};
			name = Release;
		};
/* End XCBuildConfiguration section */

/* Begin XCConfigurationList section */
		B30365741A002A220006AE55 /* Build configuration list for PBXProject "SDScrabble" */ = {
			isa = XCConfigurationList;
			buildConfigurations = (
				B30365A91A002A230006AE55 /* Debug */,
				B30365AA1A002A230006AE55 /* Release */,
			);
			defaultConfigurationIsVisible = 0;
			defaultConfigurationName = Release;
		};
		B30365AB1A002A230006AE55 /* Build configuration list for PBXNativeTarget "SDScrabble" */ = {
			isa = XCConfigurationList;
			buildConfigurations = (
				B30365AC1A002A230006AE55 /* Debug */,
				B30365AD1A002A230006AE55 /* Release */,
			);
			defaultConfigurationIsVisible = 0;
		};
		B30365AE1A002A230006AE55 /* Build configuration list for PBXNativeTarget "SDScrabbleTests" */ = {
			isa = XCConfigurationList;
			buildConfigurations = (
				B30365AF1A002A230006AE55 /* Debug */,
				B30365B01A002A230006AE55 /* Release */,
			);
			defaultConfigurationIsVisible = 0;
		};
/* End XCConfigurationList section */
	};
	rootObject = B30365711A002A220006AE55 /* Project object */;
}
